
Microsoft Visual Studio Solution File, Format Version 12.00
# Visual Studio Version 16
VisualStudioVersion = 16.0.29424.173
MinimumVisualStudioVersion = 10.0.40219.1
Project("{FAE04EC0-301F-11D3-BF4B-00C04F79EFBC}") = "Logger - Composition", "Logger - Composition\Logger - Composition.csproj", "{928472F8-889B-4445-A780-A9AB3493C5DA}"
EndProject
Global
	GlobalSection(SolutionConfigurationPlatforms) = preSolution
		Debug|Any CPU = Debug|Any CPU
		Release|Any CPU = Release|Any CPU
	EndGlobalSection
	GlobalSection(ProjectConfigurationPlatforms) = postSolution
		{928472F8-889B-4445-A780-A9AB3493C5DA}.Debug|Any CPU.ActiveCfg = Debug|Any CPU
		{928472F8-889B-4445-A780-A9AB3493C5DA}.Debug|Any CPU.Build.0 = Debug|Any CPU
		{928472F8-889B-4445-A780-A9AB3493C5DA}.Release|Any CPU.ActiveCfg = Release|Any CPU
		{928472F8-889B-4445-A780-A9AB3493C5DA}.Release|Any CPU.Build.0 = Release|Any CPU
	EndGlobalSection
	GlobalSection(SolutionProperties) = preSolution
		HideSolutionNode = FALSE
	EndGlobalSection
	GlobalSection(ExtensibilityGlobals) = postSolution
		SolutionGuid = {D763A04F-CCDF-4319-ADBA-B60880895D80}
	EndGlobalSection
EndGlobal
